// !$*UTF8*$!
{
	archiveVersion = 1;
	classes = {
	};
	objectVersion = 50;
	objects = {

/* Begin PBXBuildFile section */
		2EA2089CE718DC4C37EAE37E /* Pods_Tli_App.framework in Frameworks */ = {isa = PBXBuildFile; fileRef = B180B857E9D6DB7C814B8211 /* Pods_Tli_App.framework */; };
		416CA10B21F926D600F83F38 /* PerfilViewController.swift in Sources */ = {isa = PBXBuildFile; fileRef = 416CA10A21F926D600F83F38 /* PerfilViewController.swift */; };
		417A59332194A75E001DCA46 /* AppDelegate.swift in Sources */ = {isa = PBXBuildFile; fileRef = 417A59322194A75E001DCA46 /* AppDelegate.swift */; };
		417A593A2194A760001DCA46 /* Assets.xcassets in Resources */ = {isa = PBXBuildFile; fileRef = 417A59392194A760001DCA46 /* Assets.xcassets */; };
		417A593D2194A760001DCA46 /* LaunchScreen.storyboard in Resources */ = {isa = PBXBuildFile; fileRef = 417A593B2194A760001DCA46 /* LaunchScreen.storyboard */; };
		41AB113121F983220088BDC5 /* tessdata in Resources */ = {isa = PBXBuildFile; fileRef = 41AB113021F983220088BDC5 /* tessdata */; };
		41AB113321FA632E0088BDC5 /* Feed.swift in Sources */ = {isa = PBXBuildFile; fileRef = 41AB113221FA632E0088BDC5 /* Feed.swift */; };
		41AB113621FA6D9E0088BDC5 /* LoginController.swift in Sources */ = {isa = PBXBuildFile; fileRef = 41AB113521FA6D9D0088BDC5 /* LoginController.swift */; };
		41AB113C21FA8AC50088BDC5 /* Utils.swift in Sources */ = {isa = PBXBuildFile; fileRef = 41AB113B21FA8AC50088BDC5 /* Utils.swift */; };
		41AB113E21FAACC20088BDC5 /* SignUpController.swift in Sources */ = {isa = PBXBuildFile; fileRef = 41AB113D21FAACC20088BDC5 /* SignUpController.swift */; };
		41D6600C21F07E9300C57CE8 /* TabControllerMenu.swift in Sources */ = {isa = PBXBuildFile; fileRef = 41D6600B21F07E9300C57CE8 /* TabControllerMenu.swift */; };
		41D6600F21F0801800C57CE8 /* Comunidad.swift in Sources */ = {isa = PBXBuildFile; fileRef = 41D6600E21F0801800C57CE8 /* Comunidad.swift */; };
		41D6601121F0853A00C57CE8 /* Traductor.swift in Sources */ = {isa = PBXBuildFile; fileRef = 41D6601021F0853A00C57CE8 /* Traductor.swift */; };
		41D6601321F085A700C57CE8 /* Juegos.swift in Sources */ = {isa = PBXBuildFile; fileRef = 41D6601221F085A700C57CE8 /* Juegos.swift */; };
		41D6601521F08AB500C57CE8 /* GoogleService-Info.plist in Resources */ = {isa = PBXBuildFile; fileRef = 41D6601421F08AB500C57CE8 /* GoogleService-Info.plist */; };
		41D8BECC21F6A835004EA868 /* Main.storyboard in Resources */ = {isa = PBXBuildFile; fileRef = 41D8BECB21F6A835004EA868 /* Main.storyboard */; };
		41D9790821F84D4E00708ECC /* FeedData.swift in Sources */ = {isa = PBXBuildFile; fileRef = 41D9790721F84D4E00708ECC /* FeedData.swift */; };
		41D9790C21F84FA900708ECC /* Palabra.swift in Sources */ = {isa = PBXBuildFile; fileRef = 41D9790B21F84FA900708ECC /* Palabra.swift */; };
		41D9790E21F8504300708ECC /* CommentData.swift in Sources */ = {isa = PBXBuildFile; fileRef = 41D9790D21F8504300708ECC /* CommentData.swift */; };
/* End PBXBuildFile section */

/* Begin PBXFileReference section */
		416CA10A21F926D600F83F38 /* PerfilViewController.swift */ = {isa = PBXFileReference; lastKnownFileType = sourcecode.swift; path = PerfilViewController.swift; sourceTree = "<group>"; };
		417A592F2194A75E001DCA46 /* Tli App.app */ = {isa = PBXFileReference; explicitFileType = wrapper.application; includeInIndex = 0; path = "Tli App.app"; sourceTree = BUILT_PRODUCTS_DIR; };
		417A59322194A75E001DCA46 /* AppDelegate.swift */ = {isa = PBXFileReference; lastKnownFileType = sourcecode.swift; path = AppDelegate.swift; sourceTree = "<group>"; };
		417A59392194A760001DCA46 /* Assets.xcassets */ = {isa = PBXFileReference; lastKnownFileType = folder.assetcatalog; path = Assets.xcassets; sourceTree = "<group>"; };
		417A593C2194A760001DCA46 /* Base */ = {isa = PBXFileReference; lastKnownFileType = file.storyboard; name = Base; path = Base.lproj/LaunchScreen.storyboard; sourceTree = "<group>"; };
		417A593E2194A760001DCA46 /* Info.plist */ = {isa = PBXFileReference; lastKnownFileType = text.plist.xml; path = Info.plist; sourceTree = "<group>"; };
		41AB113021F983220088BDC5 /* tessdata */ = {isa = PBXFileReference; lastKnownFileType = folder; name = tessdata; path = ../../../tessdata; sourceTree = "<group>"; };
		41AB113221FA632E0088BDC5 /* Feed.swift */ = {isa = PBXFileReference; lastKnownFileType = sourcecode.swift; path = Feed.swift; sourceTree = "<group>"; };
		41AB113521FA6D9D0088BDC5 /* LoginController.swift */ = {isa = PBXFileReference; lastKnownFileType = sourcecode.swift; path = LoginController.swift; sourceTree = "<group>"; };
		41AB113B21FA8AC50088BDC5 /* Utils.swift */ = {isa = PBXFileReference; lastKnownFileType = sourcecode.swift; path = Utils.swift; sourceTree = "<group>"; };
		41AB113D21FAACC20088BDC5 /* SignUpController.swift */ = {isa = PBXFileReference; lastKnownFileType = sourcecode.swift; path = SignUpController.swift; sourceTree = "<group>"; };
		41D6600B21F07E9300C57CE8 /* TabControllerMenu.swift */ = {isa = PBXFileReference; lastKnownFileType = sourcecode.swift; path = TabControllerMenu.swift; sourceTree = "<group>"; };
		41D6600E21F0801800C57CE8 /* Comunidad.swift */ = {isa = PBXFileReference; lastKnownFileType = sourcecode.swift; path = Comunidad.swift; sourceTree = "<group>"; };
		41D6601021F0853A00C57CE8 /* Traductor.swift */ = {isa = PBXFileReference; lastKnownFileType = sourcecode.swift; path = Traductor.swift; sourceTree = "<group>"; };
		41D6601221F085A700C57CE8 /* Juegos.swift */ = {isa = PBXFileReference; lastKnownFileType = sourcecode.swift; path = Juegos.swift; sourceTree = "<group>"; };
		41D6601421F08AB500C57CE8 /* GoogleService-Info.plist */ = {isa = PBXFileReference; fileEncoding = 4; lastKnownFileType = text.plist.xml; name = "GoogleService-Info.plist"; path = "../../GoogleService-Info.plist"; sourceTree = "<group>"; };
		41D8BECB21F6A835004EA868 /* Main.storyboard */ = {isa = PBXFileReference; fileEncoding = 4; lastKnownFileType = file.storyboard; name = Main.storyboard; path = ../../../Main.storyboard; sourceTree = "<group>"; };
		41D9790721F84D4E00708ECC /* FeedData.swift */ = {isa = PBXFileReference; lastKnownFileType = sourcecode.swift; path = FeedData.swift; sourceTree = "<group>"; };
		41D9790B21F84FA900708ECC /* Palabra.swift */ = {isa = PBXFileReference; lastKnownFileType = sourcecode.swift; path = Palabra.swift; sourceTree = "<group>"; };
		41D9790D21F8504300708ECC /* CommentData.swift */ = {isa = PBXFileReference; lastKnownFileType = sourcecode.swift; path = CommentData.swift; sourceTree = "<group>"; };
		51426E41E224FF9990F6555A /* Pods-Tli App.release.xcconfig */ = {isa = PBXFileReference; includeInIndex = 1; lastKnownFileType = text.xcconfig; name = "Pods-Tli App.release.xcconfig"; path = "Pods/Target Support Files/Pods-Tli App/Pods-Tli App.release.xcconfig"; sourceTree = "<group>"; };
		60B1CDFE722857A93AF3DB3F /* Pods-Tli App.debug.xcconfig */ = {isa = PBXFileReference; includeInIndex = 1; lastKnownFileType = text.xcconfig; name = "Pods-Tli App.debug.xcconfig"; path = "Pods/Target Support Files/Pods-Tli App/Pods-Tli App.debug.xcconfig"; sourceTree = "<group>"; };
		B180B857E9D6DB7C814B8211 /* Pods_Tli_App.framework */ = {isa = PBXFileReference; explicitFileType = wrapper.framework; includeInIndex = 0; path = Pods_Tli_App.framework; sourceTree = BUILT_PRODUCTS_DIR; };
/* End PBXFileReference section */

/* Begin PBXFrameworksBuildPhase section */
		417A592C2194A75E001DCA46 /* Frameworks */ = {
			isa = PBXFrameworksBuildPhase;
			buildActionMask = 2147483647;
			files = (
				2EA2089CE718DC4C37EAE37E /* Pods_Tli_App.framework in Frameworks */,
			);
			runOnlyForDeploymentPostprocessing = 0;
		};
/* End PBXFrameworksBuildPhase section */

/* Begin PBXGroup section */
		416CA10921F926BD00F83F38 /* Perfil */ = {
			isa = PBXGroup;
			children = (
				416CA10A21F926D600F83F38 /* PerfilViewController.swift */,
			);
			name = Perfil;
			sourceTree = "<group>";
		};
		417A59262194A75E001DCA46 = {
			isa = PBXGroup;
			children = (
				417A59312194A75E001DCA46 /* Tli App */,
				417A59302194A75E001DCA46 /* Products */,
				BBF617D7094145ADA9643553 /* Pods */,
				E2AADECC4274E037C3B8615E /* Frameworks */,
			);
			sourceTree = "<group>";
		};
		417A59302194A75E001DCA46 /* Products */ = {
			isa = PBXGroup;
			children = (
				417A592F2194A75E001DCA46 /* Tli App.app */,
			);
			name = Products;
			sourceTree = "<group>";
		};
		417A59312194A75E001DCA46 /* Tli App */ = {
			isa = PBXGroup;
			children = (
				41DD12F021F9306700B8ABC2 /* utils */,
				41D9790621F84D3D00708ECC /* models */,
				41B4E16C219563570076EC07 /* ui */,
				417A59322194A75E001DCA46 /* AppDelegate.swift */,
				417A59392194A760001DCA46 /* Assets.xcassets */,
				417A593B2194A760001DCA46 /* LaunchScreen.storyboard */,
				41AB113021F983220088BDC5 /* tessdata */,
				41D8BECB21F6A835004EA868 /* Main.storyboard */,
				417A593E2194A760001DCA46 /* Info.plist */,
				41D6601421F08AB500C57CE8 /* GoogleService-Info.plist */,
			);
			path = "Tli App";
			sourceTree = "<group>";
		};
		41AB113421FA6D8B0088BDC5 /* Login */ = {
			isa = PBXGroup;
			children = (
				41AB113521FA6D9D0088BDC5 /* LoginController.swift */,
				41AB113D21FAACC20088BDC5 /* SignUpController.swift */,
			);
			path = Login;
			sourceTree = "<group>";
		};
		41B4E16C219563570076EC07 /* ui */ = {
			isa = PBXGroup;
			children = (
				41AB113421FA6D8B0088BDC5 /* Login */,
				416CA10921F926BD00F83F38 /* Perfil */,
				41D6600D21F07FE700C57CE8 /* Tabs */,
			);
			name = ui;
			sourceTree = "<group>";
		};
		41D6600D21F07FE700C57CE8 /* Tabs */ = {
			isa = PBXGroup;
			children = (
				41D6600B21F07E9300C57CE8 /* TabControllerMenu.swift */,
				41D6600E21F0801800C57CE8 /* Comunidad.swift */,
				41D6601021F0853A00C57CE8 /* Traductor.swift */,
				41D6601221F085A700C57CE8 /* Juegos.swift */,
			);
			name = Tabs;
			sourceTree = "<group>";
		};
		41D9790621F84D3D00708ECC /* models */ = {
			isa = PBXGroup;
			children = (
				41D9790721F84D4E00708ECC /* FeedData.swift */,
				41D9790B21F84FA900708ECC /* Palabra.swift */,
				41D9790D21F8504300708ECC /* CommentData.swift */,
				41AB113221FA632E0088BDC5 /* Feed.swift */,
			);
			name = models;
			sourceTree = "<group>";
		};
		41DD12F021F9306700B8ABC2 /* utils */ = {
			isa = PBXGroup;
			children = (
				41AB113B21FA8AC50088BDC5 /* Utils.swift */,
			);
			name = utils;
			sourceTree = "<group>";
		};
		BBF617D7094145ADA9643553 /* Pods */ = {
			isa = PBXGroup;
			children = (
				60B1CDFE722857A93AF3DB3F /* Pods-Tli App.debug.xcconfig */,
				51426E41E224FF9990F6555A /* Pods-Tli App.release.xcconfig */,
			);
			name = Pods;
			sourceTree = "<group>";
		};
		E2AADECC4274E037C3B8615E /* Frameworks */ = {
			isa = PBXGroup;
			children = (
				B180B857E9D6DB7C814B8211 /* Pods_Tli_App.framework */,
			);
			name = Frameworks;
			sourceTree = "<group>";
		};
/* End PBXGroup section */

/* Begin PBXNativeTarget section */
		417A592E2194A75E001DCA46 /* Tli App */ = {
			isa = PBXNativeTarget;
			buildConfigurationList = 417A59412194A760001DCA46 /* Build configuration list for PBXNativeTarget "Tli App" */;
			buildPhases = (
				E207517F574387BDCA7EE55D /* [CP] Check Pods Manifest.lock */,
				417A592B2194A75E001DCA46 /* Sources */,
				417A592C2194A75E001DCA46 /* Frameworks */,
				417A592D2194A75E001DCA46 /* Resources */,
				B4958C6AEA60B831A3E826C5 /* [CP] Embed Pods Frameworks */,
			);
			buildRules = (
			);
			dependencies = (
			);
			name = "Tli App";
			productName = "Tli App";
			productReference = 417A592F2194A75E001DCA46 /* Tli App.app */;
			productType = "com.apple.product-type.application";
		};
/* End PBXNativeTarget section */

/* Begin PBXProject section */
		417A59272194A75E001DCA46 /* Project object */ = {
			isa = PBXProject;
			attributes = {
				LastSwiftUpdateCheck = 1000;
				LastUpgradeCheck = 1000;
				ORGANIZATIONNAME = "Luna Inc";
				TargetAttributes = {
					417A592E2194A75E001DCA46 = {
						CreatedOnToolsVersion = 10.0;
					};
				};
			};
			buildConfigurationList = 417A592A2194A75E001DCA46 /* Build configuration list for PBXProject "Tli App" */;
			compatibilityVersion = "Xcode 9.3";
			developmentRegion = en;
			hasScannedForEncodings = 0;
			knownRegions = (
				en,
				Base,
			);
			mainGroup = 417A59262194A75E001DCA46;
			productRefGroup = 417A59302194A75E001DCA46 /* Products */;
			projectDirPath = "";
			projectRoot = "";
			targets = (
				417A592E2194A75E001DCA46 /* Tli App */,
			);
		};
/* End PBXProject section */

/* Begin PBXResourcesBuildPhase section */
		417A592D2194A75E001DCA46 /* Resources */ = {
			isa = PBXResourcesBuildPhase;
			buildActionMask = 2147483647;
			files = (
				417A593D2194A760001DCA46 /* LaunchScreen.storyboard in Resources */,
				41D6601521F08AB500C57CE8 /* GoogleService-Info.plist in Resources */,
				41AB113121F983220088BDC5 /* tessdata in Resources */,
				417A593A2194A760001DCA46 /* Assets.xcassets in Resources */,
				41D8BECC21F6A835004EA868 /* Main.storyboard in Resources */,
			);
			runOnlyForDeploymentPostprocessing = 0;
		};
/* End PBXResourcesBuildPhase section */

/* Begin PBXShellScriptBuildPhase section */
		B4958C6AEA60B831A3E826C5 /* [CP] Embed Pods Frameworks */ = {
			isa = PBXShellScriptBuildPhase;
			buildActionMask = 2147483647;
			files = (
			);
			inputFileListPaths = (
			);
			inputPaths = (
				"${SRCROOT}/Pods/Target Support Files/Pods-Tli App/Pods-Tli App-frameworks.sh",
				"${BUILT_PRODUCTS_DIR}/GTMSessionFetcher/GTMSessionFetcher.framework",
				"${BUILT_PRODUCTS_DIR}/GoogleUtilities/GoogleUtilities.framework",
				"${BUILT_PRODUCTS_DIR}/InstantSearchVoiceOverlay/InstantSearchVoiceOverlay.framework",
				"${BUILT_PRODUCTS_DIR}/Kingfisher/Kingfisher.framework",
				"${BUILT_PRODUCTS_DIR}/MaterialTextField/MaterialTextField.framework",
				"${BUILT_PRODUCTS_DIR}/McPicker/McPicker.framework",
				"${BUILT_PRODUCTS_DIR}/Protobuf/Protobuf.framework",
				"${BUILT_PRODUCTS_DIR}/SCLAlertView/SCLAlertView.framework",
				"${BUILT_PRODUCTS_DIR}/SwiftyAvatar/SwiftyAvatar.framework",
				"${BUILT_PRODUCTS_DIR}/TesseractOCRiOS/TesseractOCR.framework",
				"${BUILT_PRODUCTS_DIR}/TwicketSegmentedControl/TwicketSegmentedControl.framework",
				"${BUILT_PRODUCTS_DIR}/WCLShineButton/WCLShineButton.framework",
				"${BUILT_PRODUCTS_DIR}/XLPagerTabStrip/XLPagerTabStrip.framework",
				"${BUILT_PRODUCTS_DIR}/leveldb-library/leveldb.framework",
				"${BUILT_PRODUCTS_DIR}/nanopb/nanopb.framework",
			);
			name = "[CP] Embed Pods Frameworks";
			outputFileListPaths = (
			);
			outputPaths = (
				"${TARGET_BUILD_DIR}/${FRAMEWORKS_FOLDER_PATH}/GTMSessionFetcher.framework",
				"${TARGET_BUILD_DIR}/${FRAMEWORKS_FOLDER_PATH}/GoogleUtilities.framework",
				"${TARGET_BUILD_DIR}/${FRAMEWORKS_FOLDER_PATH}/InstantSearchVoiceOverlay.framework",
				"${TARGET_BUILD_DIR}/${FRAMEWORKS_FOLDER_PATH}/Kingfisher.framework",
				"${TARGET_BUILD_DIR}/${FRAMEWORKS_FOLDER_PATH}/MaterialTextField.framework",
				"${TARGET_BUILD_DIR}/${FRAMEWORKS_FOLDER_PATH}/McPicker.framework",
				"${TARGET_BUILD_DIR}/${FRAMEWORKS_FOLDER_PATH}/Protobuf.framework",
				"${TARGET_BUILD_DIR}/${FRAMEWORKS_FOLDER_PATH}/SCLAlertView.framework",
				"${TARGET_BUILD_DIR}/${FRAMEWORKS_FOLDER_PATH}/SwiftyAvatar.framework",
				"${TARGET_BUILD_DIR}/${FRAMEWORKS_FOLDER_PATH}/TesseractOCR.framework",
				"${TARGET_BUILD_DIR}/${FRAMEWORKS_FOLDER_PATH}/TwicketSegmentedControl.framework",
				"${TARGET_BUILD_DIR}/${FRAMEWORKS_FOLDER_PATH}/WCLShineButton.framework",
				"${TARGET_BUILD_DIR}/${FRAMEWORKS_FOLDER_PATH}/XLPagerTabStrip.framework",
				"${TARGET_BUILD_DIR}/${FRAMEWORKS_FOLDER_PATH}/leveldb.framework",
				"${TARGET_BUILD_DIR}/${FRAMEWORKS_FOLDER_PATH}/nanopb.framework",
			);
			runOnlyForDeploymentPostprocessing = 0;
			shellPath = /bin/sh;
			shellScript = "\"${SRCROOT}/Pods/Target Support Files/Pods-Tli App/Pods-Tli App-frameworks.sh\"\n";
			showEnvVarsInLog = 0;
		};
		E207517F574387BDCA7EE55D /* [CP] Check Pods Manifest.lock */ = {
			isa = PBXShellScriptBuildPhase;
			buildActionMask = 2147483647;
			files = (
			);
			inputFileListPaths = (
			);
			inputPaths = (
				"${PODS_PODFILE_DIR_PATH}/Podfile.lock",
				"${PODS_ROOT}/Manifest.lock",
			);
			name = "[CP] Check Pods Manifest.lock";
			outputFileListPaths = (
			);
			outputPaths = (
				"$(DERIVED_FILE_DIR)/Pods-Tli App-checkManifestLockResult.txt",
			);
			runOnlyForDeploymentPostprocessing = 0;
			shellPath = /bin/sh;
			shellScript = "diff \"${PODS_PODFILE_DIR_PATH}/Podfile.lock\" \"${PODS_ROOT}/Manifest.lock\" > /dev/null\nif [ $? != 0 ] ; then\n    # print error to STDERR\n    echo \"error: The sandbox is not in sync with the Podfile.lock. Run 'pod install' or update your CocoaPods installation.\" >&2\n    exit 1\nfi\n# This output is used by Xcode 'outputs' to avoid re-running this script phase.\necho \"SUCCESS\" > \"${SCRIPT_OUTPUT_FILE_0}\"\n";
			showEnvVarsInLog = 0;
		};
/* End PBXShellScriptBuildPhase section */

/* Begin PBXSourcesBuildPhase section */
		417A592B2194A75E001DCA46 /* Sources */ = {
			isa = PBXSourcesBuildPhase;
			buildActionMask = 2147483647;
			files = (
				41AB113E21FAACC20088BDC5 /* SignUpController.swift in Sources */,
				41AB113621FA6D9E0088BDC5 /* LoginController.swift in Sources */,
				417A59332194A75E001DCA46 /* AppDelegate.swift in Sources */,
				41AB113321FA632E0088BDC5 /* Feed.swift in Sources */,
				41D9790E21F8504300708ECC /* CommentData.swift in Sources */,
				41D6601321F085A700C57CE8 /* Juegos.swift in Sources */,
				416CA10B21F926D600F83F38 /* PerfilViewController.swift in Sources */,
				41D6600F21F0801800C57CE8 /* Comunidad.swift in Sources */,
				41D9790821F84D4E00708ECC /* FeedData.swift in Sources */,
				41D6600C21F07E9300C57CE8 /* TabControllerMenu.swift in Sources */,
				41D6601121F0853A00C57CE8 /* Traductor.swift in Sources */,
				41D9790C21F84FA900708ECC /* Palabra.swift in Sources */,
				41AB113C21FA8AC50088BDC5 /* Utils.swift in Sources */,
			);
			runOnlyForDeploymentPostprocessing = 0;
		};
/* End PBXSourcesBuildPhase section */

/* Begin PBXVariantGroup section */
		417A593B2194A760001DCA46 /* LaunchScreen.storyboard */ = {
			isa = PBXVariantGroup;
			children = (
				417A593C2194A760001DCA46 /* Base */,
			);
			name = LaunchScreen.storyboard;
			sourceTree = "<group>";
		};
/* End PBXVariantGroup section */

/* Begin XCBuildConfiguration section */
		417A593F2194A760001DCA46 /* Debug */ = {
			isa = XCBuildConfiguration;
			buildSettings = {
				ALWAYS_SEARCH_USER_PATHS = NO;
				CLANG_ANALYZER_NONNULL = YES;
				CLANG_ANALYZER_NUMBER_OBJECT_CONVERSION = YES_AGGRESSIVE;
				CLANG_CXX_LANGUAGE_STANDARD = "gnu++14";
				CLANG_CXX_LIBRARY = "libc++";
				CLANG_ENABLE_MODULES = YES;
				CLANG_ENABLE_OBJC_ARC = YES;
				CLANG_ENABLE_OBJC_WEAK = YES;
				CLANG_WARN_BLOCK_CAPTURE_AUTORELEASING = YES;
				CLANG_WARN_BOOL_CONVERSION = YES;
				CLANG_WARN_COMMA = YES;
				CLANG_WARN_CONSTANT_CONVERSION = YES;
				CLANG_WARN_DEPRECATED_OBJC_IMPLEMENTATIONS = YES;
				CLANG_WARN_DIRECT_OBJC_ISA_USAGE = YES_ERROR;
				CLANG_WARN_DOCUMENTATION_COMMENTS = YES;
				CLANG_WARN_EMPTY_BODY = YES;
				CLANG_WARN_ENUM_CONVERSION = YES;
				CLANG_WARN_INFINITE_RECURSION = YES;
				CLANG_WARN_INT_CONVERSION = YES;
				CLANG_WARN_NON_LITERAL_NULL_CONVERSION = YES;
				CLANG_WARN_OBJC_IMPLICIT_RETAIN_SELF = YES;
				CLANG_WARN_OBJC_LITERAL_CONVERSION = YES;
				CLANG_WARN_OBJC_ROOT_CLASS = YES_ERROR;
				CLANG_WARN_RANGE_LOOP_ANALYSIS = YES;
				CLANG_WARN_STRICT_PROTOTYPES = YES;
				CLANG_WARN_SUSPICIOUS_MOVE = YES;
				CLANG_WARN_UNGUARDED_AVAILABILITY = YES_AGGRESSIVE;
				CLANG_WARN_UNREACHABLE_CODE = YES;
				CLANG_WARN__DUPLICATE_METHOD_MATCH = YES;
				CODE_SIGN_IDENTITY = "iPhone Developer";
				COPY_PHASE_STRIP = NO;
				DEBUG_INFORMATION_FORMAT = dwarf;
				ENABLE_STRICT_OBJC_MSGSEND = YES;
				ENABLE_TESTABILITY = YES;
				GCC_C_LANGUAGE_STANDARD = gnu11;
				GCC_DYNAMIC_NO_PIC = NO;
				GCC_NO_COMMON_BLOCKS = YES;
				GCC_OPTIMIZATION_LEVEL = 0;
				GCC_PREPROCESSOR_DEFINITIONS = (
					"DEBUG=1",
					"$(inherited)",
				);
				GCC_WARN_64_TO_32_BIT_CONVERSION = YES;
				GCC_WARN_ABOUT_RETURN_TYPE = YES_ERROR;
				GCC_WARN_UNDECLARED_SELECTOR = YES;
				GCC_WARN_UNINITIALIZED_AUTOS = YES_AGGRESSIVE;
				GCC_WARN_UNUSED_FUNCTION = YES;
				GCC_WARN_UNUSED_VARIABLE = YES;
				IPHONEOS_DEPLOYMENT_TARGET = 12.0;
				MTL_ENABLE_DEBUG_INFO = INCLUDE_SOURCE;
				MTL_FAST_MATH = YES;
				ONLY_ACTIVE_ARCH = YES;
				SDKROOT = iphoneos;
				SWIFT_ACTIVE_COMPILATION_CONDITIONS = DEBUG;
				SWIFT_OPTIMIZATION_LEVEL = "-Onone";
			};
			name = Debug;
		};
		417A59402194A760001DCA46 /* Release */ = {
			isa = XCBuildConfiguration;
			buildSettings = {
				ALWAYS_SEARCH_USER_PATHS = NO;
				CLANG_ANALYZER_NONNULL = YES;
				CLANG_ANALYZER_NUMBER_OBJECT_CONVERSION = YES_AGGRESSIVE;
				CLANG_CXX_LANGUAGE_STANDARD = "gnu++14";
				CLANG_CXX_LIBRARY = "libc++";
				CLANG_ENABLE_MODULES = YES;
				CLANG_ENABLE_OBJC_ARC = YES;
				CLANG_ENABLE_OBJC_WEAK = YES;
				CLANG_WARN_BLOCK_CAPTURE_AUTORELEASING = YES;
				CLANG_WARN_BOOL_CONVERSION = YES;
				CLANG_WARN_COMMA = YES;
				CLANG_WARN_CONSTANT_CONVERSION = YES;
				CLANG_WARN_DEPRECATED_OBJC_IMPLEMENTATIONS = YES;
				CLANG_WARN_DIRECT_OBJC_ISA_USAGE = YES_ERROR;
				CLANG_WARN_DOCUMENTATION_COMMENTS = YES;
				CLANG_WARN_EMPTY_BODY = YES;
				CLANG_WARN_ENUM_CONVERSION = YES;
				CLANG_WARN_INFINITE_RECURSION = YES;
				CLANG_WARN_INT_CONVERSION = YES;
				CLANG_WARN_NON_LITERAL_NULL_CONVERSION = YES;
				CLANG_WARN_OBJC_IMPLICIT_RETAIN_SELF = YES;
				CLANG_WARN_OBJC_LITERAL_CONVERSION = YES;
				CLANG_WARN_OBJC_ROOT_CLASS = YES_ERROR;
				CLANG_WARN_RANGE_LOOP_ANALYSIS = YES;
				CLANG_WARN_STRICT_PROTOTYPES = YES;
				CLANG_WARN_SUSPICIOUS_MOVE = YES;
				CLANG_WARN_UNGUARDED_AVAILABILITY = YES_AGGRESSIVE;
				CLANG_WARN_UNREACHABLE_CODE = YES;
				CLANG_WARN__DUPLICATE_METHOD_MATCH = YES;
				CODE_SIGN_IDENTITY = "iPhone Developer";
				COPY_PHASE_STRIP = NO;
				DEBUG_INFORMATION_FORMAT = "dwarf-with-dsym";
				ENABLE_NS_ASSERTIONS = NO;
				ENABLE_STRICT_OBJC_MSGSEND = YES;
				GCC_C_LANGUAGE_STANDARD = gnu11;
				GCC_NO_COMMON_BLOCKS = YES;
				GCC_WARN_64_TO_32_BIT_CONVERSION = YES;
				GCC_WARN_ABOUT_RETURN_TYPE = YES_ERROR;
				GCC_WARN_UNDECLARED_SELECTOR = YES;
				GCC_WARN_UNINITIALIZED_AUTOS = YES_AGGRESSIVE;
				GCC_WARN_UNUSED_FUNCTION = YES;
				GCC_WARN_UNUSED_VARIABLE = YES;
				IPHONEOS_DEPLOYMENT_TARGET = 12.0;
				MTL_ENABLE_DEBUG_INFO = NO;
				MTL_FAST_MATH = YES;
				SDKROOT = iphoneos;
				SWIFT_COMPILATION_MODE = wholemodule;
				SWIFT_OPTIMIZATION_LEVEL = "-O";
				VALIDATE_PRODUCT = YES;
			};
			name = Release;
		};
		417A59422194A760001DCA46 /* Debug */ = {
			isa = XCBuildConfiguration;
			baseConfigurationReference = 60B1CDFE722857A93AF3DB3F /* Pods-Tli App.debug.xcconfig */;
			buildSettings = {
				ASSETCATALOG_COMPILER_APPICON_NAME = AppIcon;
				CODE_SIGN_STYLE = Automatic;
				DEVELOPMENT_TEAM = BTUR5Q8995;
				INFOPLIST_FILE = "Tli App/Info.plist";
				LD_RUNPATH_SEARCH_PATHS = (
					"$(inherited)",
					"@executable_path/Frameworks",
				);
				PRODUCT_BUNDLE_IDENTIFIER = "lunainc.com.mx.Tli-App";
				PRODUCT_NAME = "$(TARGET_NAME)";
				SWIFT_VERSION = 4.2;
				TARGETED_DEVICE_FAMILY = "1,2";
			};
			name = Debug;
		};
		417A59432194A760001DCA46 /* Release */ = {
			isa = XCBuildConfiguration;
			baseConfigurationReference = 51426E41E224FF9990F6555A /* Pods-Tli App.release.xcconfig */;
			buildSettings = {
				ASSETCATALOG_COMPILER_APPICON_NAME = AppIcon;
				CODE_SIGN_STYLE = Automatic;
				DEVELOPMENT_TEAM = BTUR5Q8995;
				INFOPLIST_FILE = "Tli App/Info.plist";
				LD_RUNPATH_SEARCH_PATHS = (
					"$(inherited)",
					"@executable_path/Frameworks",
				);
				PRODUCT_BUNDLE_IDENTIFIER = "lunainc.com.mx.Tli-App";
				PRODUCT_NAME = "$(TARGET_NAME)";
				SWIFT_VERSION = 4.2;
				TARGETED_DEVICE_FAMILY = "1,2";
			};
			name = Release;
		};
/* End XCBuildConfiguration section */

/* Begin XCConfigurationList section */
		417A592A2194A75E001DCA46 /* Build configuration list for PBXProject "Tli App" */ = {
			isa = XCConfigurationList;
			buildConfigurations = (
				417A593F2194A760001DCA46 /* Debug */,
				417A59402194A760001DCA46 /* Release */,
			);
			defaultConfigurationIsVisible = 0;
			defaultConfigurationName = Release;
		};
		417A59412194A760001DCA46 /* Build configuration list for PBXNativeTarget "Tli App" */ = {
			isa = XCConfigurationList;
			buildConfigurations = (
				417A59422194A760001DCA46 /* Debug */,
				417A59432194A760001DCA46 /* Release */,
			);
			defaultConfigurationIsVisible = 0;
			defaultConfigurationName = Release;
		};
/* End XCConfigurationList section */
	};
	rootObject = 417A59272194A75E001DCA46 /* Project object */;
}
